PODS:
  - AFNetworking (2.6.3):
    - AFNetworking/NSURLConnection (= 2.6.3)
    - AFNetworking/NSURLSession (= 2.6.3)
    - AFNetworking/Reachability (= 2.6.3)
    - AFNetworking/Security (= 2.6.3)
    - AFNetworking/Serialization (= 2.6.3)
    - AFNetworking/UIKit (= 2.6.3)
  - AFNetworking/NSURLConnection (2.6.3):
    - AFNetworking/Reachability
    - AFNetworking/Security
    - AFNetworking/Serialization
  - AFNetworking/NSURLSession (2.6.3):
    - AFNetworking/Reachability
    - AFNetworking/Security
    - AFNetworking/Serialization
  - AFNetworking/Reachability (2.6.3)
  - AFNetworking/Security (2.6.3)
  - AFNetworking/Serialization (2.6.3)
  - AFNetworking/UIKit (2.6.3):
    - AFNetworking/NSURLConnection
    - AFNetworking/NSURLSession
  - WQView (0.3.0):
    - WQView/Base (= 0.3.0)
    - WQView/VC (= 0.3.0)
  - WQView/Base (0.3.0):
    - AFNetworking
  - WQView/VC (0.3.0)

DEPENDENCIES:
  - WQView (from `../`)

SPEC REPOS:
  https://git.coding.net/CocoaPods/Specs.git:
    - AFNetworking

EXTERNAL SOURCES:
  WQView:
    :path: "../"

SPEC CHECKSUMS:
  AFNetworking: cb8d14a848e831097108418f5d49217339d4eb60
  WQView: b06c94e880bbb499828e350686ebb2c1d801ac83

PODFILE CHECKSUM: 982eb8ef14cb569b8c2d0383f29d57c261804581

COCOAPODS: 1.8.4
